PODS:
  - flutter_surrealdb_engine (0.0.1):
    - FlutterMacOS
  - FlutterMacOS (1.0.0)
  - path_provider_foundation (0.0.1):
    - Flutter
    - FlutterMacOS
  - rust_lib_flutter_surrealdb_engine (0.0.1):
    - FlutterMacOS

DEPENDENCIES:
  - flutter_surrealdb_engine (from `Flutter/ephemeral/.symlinks/plugins/flutter_surrealdb_engine/macos`)
  - FlutterMacOS (from `Flutter/ephemeral`)
  - path_provider_foundation (from `Flutter/ephemeral/.symlinks/plugins/path_provider_foundation/darwin`)
  - rust_lib_flutter_surrealdb_engine (from `Flutter/ephemeral/.symlinks/plugins/rust_lib_flutter_surrealdb_engine/macos`)

EXTERNAL SOURCES:
  flutter_surrealdb_engine:
    :path: Flutter/ephemeral/.symlinks/plugins/flutter_surrealdb_engine/macos
  FlutterMacOS:
    :path: Flutter/ephemeral
  path_provider_foundation:
    :path: Flutter/ephemeral/.symlinks/plugins/path_provider_foundation/darwin
  rust_lib_flutter_surrealdb_engine:
    :path: Flutter/ephemeral/.symlinks/plugins/rust_lib_flutter_surrealdb_engine/macos

SPEC CHECKSUMS:
  flutter_surrealdb_engine: e182e646425619f829f156a00286307d7de7c3ef
  FlutterMacOS: d0db08ddef1a9af05a5ec4b724367152bb0500b1
  path_provider_foundation: bb55f6dbba17d0dccd6737fe6f7f34fbd0376880
  rust_lib_flutter_surrealdb_engine: 46f5ee0c72506fbc93226b74a04b2e0dafb57322

PODFILE CHECKSUM: 54d867c82ac51cbd61b565781b9fada492027009

COCOAPODS: 1.16.2
